
Microsoft Visual Studio Solution File, Format Version 12.00
# Visual Studio Version 17
VisualStudioVersion = 17.1.32421.90
MinimumVisualStudioVersion = 10.0.40219.1
Project("{FAE04EC0-301F-11D3-BF4B-00C04F79EFBC}") = "CashAssetReport.App", "CashAssetReport.App\CashAssetReport.App.csproj", "{DD301391-7670-48A2-BB56-CB900F0E2EA9}"
EndProject
Project("{FAE04EC0-301F-11D3-BF4B-00C04F79EFBC}") = "CashAssetReport.Domain", "CashAssetReport.Domain\CashAssetReport.Domain.csproj", "{A80A7AC7-D4EC-404F-9A9E-31FE1D772A8E}"
EndProject
Project("{FAE04EC0-301F-11D3-BF4B-00C04F79EFBC}") = "CashAssetReport.Infrastructure", "CashAssetReport.Infrastructure\CashAssetReport.Infrastructure.csproj", "{BEECBB2F-CCFD-4B41-89E2-58C604EC8C4D}"
EndProject
Project("{2150E333-8FDC-42A3-9474-1A3956D46DE8}") = "Solution Items", "Solution Items", "{CCB964C9-ED3D-4E5A-BD79-44621789BF8F}"
	ProjectSection(SolutionItems) = preProject
		Nuget.Config = Nuget.Config
	EndProjectSection
EndProject
Global
	GlobalSection(SolutionConfigurationPlatforms) = preSolution
		Debug|Any CPU = Debug|Any CPU
		Release|Any CPU = Release|Any CPU
	EndGlobalSection
	GlobalSection(ProjectConfigurationPlatforms) = postSolution
		{DD301391-7670-48A2-BB56-CB900F0E2EA9}.Debug|Any CPU.ActiveCfg = Debug|Any CPU
		{DD301391-7670-48A2-BB56-CB900F0E2EA9}.Debug|Any CPU.Build.0 = Debug|Any CPU
		{DD301391-7670-48A2-BB56-CB900F0E2EA9}.Release|Any CPU.ActiveCfg = Release|Any CPU
		{DD301391-7670-48A2-BB56-CB900F0E2EA9}.Release|Any CPU.Build.0 = Release|Any CPU
		{A80A7AC7-D4EC-404F-9A9E-31FE1D772A8E}.Debug|Any CPU.ActiveCfg = Debug|Any CPU
		{A80A7AC7-D4EC-404F-9A9E-31FE1D772A8E}.Debug|Any CPU.Build.0 = Debug|Any CPU
		{A80A7AC7-D4EC-404F-9A9E-31FE1D772A8E}.Release|Any CPU.ActiveCfg = Release|Any CPU
		{A80A7AC7-D4EC-404F-9A9E-31FE1D772A8E}.Release|Any CPU.Build.0 = Release|Any CPU
		{BEECBB2F-CCFD-4B41-89E2-58C604EC8C4D}.Debug|Any CPU.ActiveCfg = Debug|Any CPU
		{BEECBB2F-CCFD-4B41-89E2-58C604EC8C4D}.Debug|Any CPU.Build.0 = Debug|Any CPU
		{BEECBB2F-CCFD-4B41-89E2-58C604EC8C4D}.Release|Any CPU.ActiveCfg = Release|Any CPU
		{BEECBB2F-CCFD-4B41-89E2-58C604EC8C4D}.Release|Any CPU.Build.0 = Release|Any CPU
	EndGlobalSection
	GlobalSection(SolutionProperties) = preSolution
		HideSolutionNode = FALSE
	EndGlobalSection
	GlobalSection(ExtensibilityGlobals) = postSolution
		SolutionGuid = {7C07F7EE-5842-408D-9C0C-92C439DB77B2}
	EndGlobalSection
EndGlobal
